{
  "name": "server",
  "version": "1.0.0",
  "lockfileVersion": 1,
  "requires": true,
  "dependencies": {
    "@etk/api-core-server": {
      "version": "2.3.0-rc4",
      "resolved": "https://registry.npmjs.org/@etk/api-core-server/-/api-core-server-2.3.0-rc4.tgz",
      "integrity": "sha512-AuhoE1fGYDNz9bVN+cJNCMb8arsuF5bzufIWcDTZ0GKRAzJIfaf6pPskvN0YYHIriNhyWDcZAjybANZ4pYR83A==",
      "requires": {
        "@etk/jsonrpc": "^1.3.3",
        "@etk/wsab": "^3.0.4",
        "chalk": "^2.4.1",
        "exterror": "^1.1.0",
        "fast.js": "^0.1.1",
        "require-dir": "^1.1.0",
        "ws": "^5.2.2"
      }
    },
    "@etk/jsonrpc": {
      "version": "1.3.3",
      "resolved": "https://registry.npmjs.org/@etk/jsonrpc/-/jsonrpc-1.3.3.tgz",
      "integrity": "sha512-Jkee9QkkCL8HWF4UxtWJ7owdOI9WeB2cr5FgWFeq0EI/HSsFJ7qrwmWHWbhipNrNn8gMfz/KHaNBDsHX7tKEsw==",
      "requires": {
        "utls": "^0.3.0"
      }
    },
    "@etk/wsab": {
      "version": "3.0.4",
      "resolved": "https://registry.npmjs.org/@etk/wsab/-/wsab-3.0.4.tgz",
      "integrity": "sha512-WtjYvWz3vY/D6IHltkf3CW0kk8hFdGFkYoVRUG4rmAuDw92vebfa8LWjbY5QFymFtT40wdP4PWcEVA52gJrjCg==",
      "requires": {
        "exterror": "^1.1.0",
        "fast.js": "^0.1.1"
      }
    },
    "amule": {
      "version": "0.2.5",
      "resolved": "https://registry.npmjs.org/amule/-/amule-0.2.5.tgz",
      "integrity": "sha512-8Js0Vv9MYHq46dCGO1irhlHcw5g5f9BXZ+wR7BJFFuvGWLRUUIr6lOH0GTgfL7+PQJ1KcXsKmXCMt50Ni356MA==",
      "requires": {
        "exterror": "^1.1.0",
        "fast.js": "^0.1.1",
        "yadll": "^0.1.4"
      }
    },
    "amule-aim": {
      "version": "0.5.3",
      "resolved": "https://registry.npmjs.org/amule-aim/-/amule-aim-0.5.3.tgz",
      "integrity": "sha512-ZgV2zs+CxjXo6dbcU6pHXTB36gWtLBDbe2SDp35TXlqIWLSJI1YBOJ0G/vXDsQCVLs8KZnbZoHu+bYd+EZgsMA=="
    },
    "amule-more": {
      "version": "0.2.1",
      "resolved": "https://registry.npmjs.org/amule-more/-/amule-more-0.2.1.tgz",
      "integrity": "sha512-Ycjbq/KvWrfAEfxehpI20XORiUEPm8PRYMZfFIGWoT7v2nqyP9Psekg2jllAyKFPTGCG4L81yHI5y5q6y0oEgw=="
    },
    "amule-rush": {
      "version": "0.3.5",
      "resolved": "https://registry.npmjs.org/amule-rush/-/amule-rush-0.3.5.tgz",
      "integrity": "sha512-fHYoz+u/lGQI4klzcqp24fVqqKZs7oWu4u6YbqHsBN4FQgy1ZG4pg4mX1LGoGBpbFtyN3aOPEAgjPWLbVhzFRw==",
      "requires": {
        "fast.js": "^0.1.1",
        "ioredis": "^3.2.2",
        "json-less": "^0.4.3"
      }
    },
    "ansi-styles": {
      "version": "3.2.1",
      "resolved": "https://registry.npmjs.org/ansi-styles/-/ansi-styles-3.2.1.tgz",
      "integrity": "sha512-VT0ZI6kZRdTh8YyJw3SMbYm/u+NqfsAxEpWO0Pf9sq8/e94WxxOpPKx9FR1FlyCtOVDNOQ+8ntlqFxiRc+r5qA==",
      "requires": {
        "color-convert": "^1.9.0"
      }
    },
    "async-limiter": {
      "version": "1.0.0",
      "resolved": "https://registry.npmjs.org/async-limiter/-/async-limiter-1.0.0.tgz",
      "integrity": "sha512-jp/uFnooOiO+L211eZOoSyzpOITMXx1rBITauYykG3BRYPu8h0UcxsPNB04RR5vo4Tyz3+ay17tR6JVf9qzYWg=="
    },
    "bluebird": {
      "version": "3.5.2",
      "resolved": "https://registry.npmjs.org/bluebird/-/bluebird-3.5.2.tgz",
      "integrity": "sha512-dhHTWMI7kMx5whMQntl7Vr9C6BvV10lFXDAasnqnrMYhXVCzzk6IO9Fo2L75jXHT07WrOngL1WDXOp+yYS91Yg=="
    },
    "bson": {
      "version": "1.1.0",
      "resolved": "https://registry.npmjs.org/bson/-/bson-1.1.0.tgz",
      "integrity": "sha512-9Aeai9TacfNtWXOYarkFJRW2CWo+dRon+fuLZYJmvLV3+MiUp0bEI6IAZfXEIg7/Pl/7IWlLaDnhzTsD81etQA=="
    },
    "chalk": {
      "version": "2.4.1",
      "resolved": "https://registry.npmjs.org/chalk/-/chalk-2.4.1.tgz",
      "integrity": "sha512-ObN6h1v2fTJSmUXoS3nMQ92LbDK9be4TV+6G+omQlGJFdcUX5heKi1LZ1YnRMIgwTLEj3E24bT6tYni50rlCfQ==",
      "requires": {
        "ansi-styles": "^3.2.1",
        "escape-string-regexp": "^1.0.5",
        "supports-color": "^5.3.0"
      }
    },
    "cluster-key-slot": {
      "version": "1.0.12",
      "resolved": "https://registry.npmjs.org/cluster-key-slot/-/cluster-key-slot-1.0.12.tgz",
      "integrity": "sha512-21O0kGmvED5OJ7ZTdqQ5lQQ+sjuez33R+d35jZKLwqUb5mqcPHUsxOSzj61+LHVtxGZd1kShbQM3MjB/gBJkVg=="
    },
    "color-convert": {
      "version": "1.9.3",
      "resolved": "https://registry.npmjs.org/color-convert/-/color-convert-1.9.3.tgz",
      "integrity": "sha512-QfAUtd+vFdAtFQcC8CCyYt1fYWxSqAiK2cSD6zDB8N3cpsEBAvRxp9zOGg6G/SHHJYAT88/az/IuDGALsNVbGg==",
      "requires": {
        "color-name": "1.1.3"
      }
    },
    "color-name": {
      "version": "1.1.3",
      "resolved": "https://registry.npmjs.org/color-name/-/color-name-1.1.3.tgz",
      "integrity": "sha1-p9BVi9icQveV3UIyj3QIMcpTvCU="
    },
    "debug": {
      "version": "2.6.9",
      "resolved": "https://registry.npmjs.org/debug/-/debug-2.6.9.tgz",
      "integrity": "sha512-bC7ElrdJaJnPbAP+1EotYvqZsb3ecl5wi6Bfi6BJTUcNowp6cvspg0jXznRTKDjm/E7AdgFBVeAPVMNcKGsHMA==",
      "requires": {
        "ms": "2.0.0"
      }
    },
    "denque": {
      "version": "1.3.0",
      "resolved": "https://registry.npmjs.org/denque/-/denque-1.3.0.tgz",
      "integrity": "sha512-4SRaSj+PqmrS1soW5/Avd7eJIM2JJIqLLmwhRqIGleZM/8KwZq80njbSS2Iqas+6oARkSkLDHEk4mm78q3JlIg=="
    },
    "escape-string-regexp": {
      "version": "1.0.5",
      "resolved": "https://registry.npmjs.org/escape-string-regexp/-/escape-string-regexp-1.0.5.tgz",
      "integrity": "sha1-G2HAViGQqN/2rjuyzwIAyhMLhtQ="
    },
    "exterror": {
      "version": "1.1.0",
      "resolved": "https://registry.npmjs.org/exterror/-/exterror-1.1.0.tgz",
      "integrity": "sha512-po8yIeLRPGZflgL+EJn4IYbuTTDds1KU/tYI58RCHXOZOlhHDkz7zI0Q4m7nKPPVonnVLJELRIdvoFyAekfe0A=="
    },
    "fast.js": {
      "version": "0.1.1",
      "resolved": "https://registry.npmjs.org/fast.js/-/fast.js-0.1.1.tgz",
      "integrity": "sha1-fAJNVa4USIL7zuRLeQBf4tyr2f4="
    },
    "flexbuffer": {
      "version": "0.0.6",
      "resolved": "https://registry.npmjs.org/flexbuffer/-/flexbuffer-0.0.6.tgz",
      "integrity": "sha1-A5/fI/iCPkQMOPMnfm/vEXQhWzA="
    },
    "has-flag": {
      "version": "3.0.0",
      "resolved": "https://registry.npmjs.org/has-flag/-/has-flag-3.0.0.tgz",
      "integrity": "sha1-tdRU3CGZriJWmfNGfloH87lVuv0="
    },
    "ioredis": {
      "version": "3.2.2",
      "resolved": "https://registry.npmjs.org/ioredis/-/ioredis-3.2.2.tgz",
      "integrity": "sha512-g+ShTQYLsCcOUkNOK6CCEZbj3aRDVPw3WOwXk+LxlUKvuS9ujEqP2MppBHyRVYrNNFW/vcPaTBUZ2ctGNSiOCA==",
      "requires": {
        "bluebird": "^3.3.4",
        "cluster-key-slot": "^1.0.6",
        "debug": "^2.6.9",
        "denque": "^1.1.0",
        "flexbuffer": "0.0.6",
        "lodash.assign": "^4.2.0",
        "lodash.bind": "^4.2.1",
        "lodash.clone": "^4.5.0",
        "lodash.clonedeep": "^4.5.0",
        "lodash.defaults": "^4.2.0",
        "lodash.difference": "^4.5.0",
        "lodash.flatten": "^4.4.0",
        "lodash.foreach": "^4.5.0",
        "lodash.isempty": "^4.4.0",
        "lodash.keys": "^4.2.0",
        "lodash.noop": "^3.0.1",
        "lodash.partial": "^4.2.1",
        "lodash.pick": "^4.4.0",
        "lodash.sample": "^4.2.1",
        "lodash.shuffle": "^4.2.0",
        "lodash.values": "^4.3.0",
        "redis-commands": "^1.2.0",
        "redis-parser": "^2.4.0"
      }
    },
    "json-less": {
      "version": "0.4.3",
      "resolved": "https://registry.npmjs.org/json-less/-/json-less-0.4.3.tgz",
      "integrity": "sha512-u0qjmZAiBT7OA2hE7u4hHIeM9JJreDc0xXE5rMI9LA4Ksp5cqxFMER8UCdIsoAG6K2SHxh/Q/fJkOWy1+ImIQA=="
    },
    "lodash.assign": {
      "version": "4.2.0",
      "resolved": "https://registry.npmjs.org/lodash.assign/-/lodash.assign-4.2.0.tgz",
      "integrity": "sha1-DZnzzNem0mHRm9rrkkUAXShYCOc="
    },
    "lodash.bind": {
      "version": "4.2.1",
      "resolved": "https://registry.npmjs.org/lodash.bind/-/lodash.bind-4.2.1.tgz",
      "integrity": "sha1-euMBfpOWIqwxt9fX3LGzTbFpDTU="
    },
    "lodash.clone": {
      "version": "4.5.0",
      "resolved": "https://registry.npmjs.org/lodash.clone/-/lodash.clone-4.5.0.tgz",
      "integrity": "sha1-GVhwRQ9aExkkeN9Lw9I9LeoZB7Y="
    },
    "lodash.clonedeep": {
      "version": "4.5.0",
      "resolved": "https://registry.npmjs.org/lodash.clonedeep/-/lodash.clonedeep-4.5.0.tgz",
      "integrity": "sha1-4j8/nE+Pvd6HJSnBBxhXoIblzO8="
    },
    "lodash.defaults": {
      "version": "4.2.0",
      "resolved": "https://registry.npmjs.org/lodash.defaults/-/lodash.defaults-4.2.0.tgz",
      "integrity": "sha1-0JF4cW/+pN3p5ft7N/bwgCJ0WAw="
    },
    "lodash.difference": {
      "version": "4.5.0",
      "resolved": "https://registry.npmjs.org/lodash.difference/-/lodash.difference-4.5.0.tgz",
      "integrity": "sha1-nMtOUF1Ia5FlE0V3KIWi3yf9AXw="
    },
    "lodash.flatten": {
      "version": "4.4.0",
      "resolved": "https://registry.npmjs.org/lodash.flatten/-/lodash.flatten-4.4.0.tgz",
      "integrity": "sha1-8xwiIlqWMtK7+OSt2+8kCqdlph8="
    },
    "lodash.foreach": {
      "version": "4.5.0",
      "resolved": "https://registry.npmjs.org/lodash.foreach/-/lodash.foreach-4.5.0.tgz",
      "integrity": "sha1-Gmo16s5AEoDH8G3d7DUWWrJ+PlM="
    },
    "lodash.isempty": {
      "version": "4.4.0",
      "resolved": "https://registry.npmjs.org/lodash.isempty/-/lodash.isempty-4.4.0.tgz",
      "integrity": "sha1-b4bL7di+TsmHvpqvM8loTbGzHn4="
    },
    "lodash.keys": {
      "version": "4.2.0",
      "resolved": "https://registry.npmjs.org/lodash.keys/-/lodash.keys-4.2.0.tgz",
      "integrity": "sha1-oIYCrBLk+4P5H8H7ejYKTZujUgU="
    },
    "lodash.noop": {
      "version": "3.0.1",
      "resolved": "https://registry.npmjs.org/lodash.noop/-/lodash.noop-3.0.1.tgz",
      "integrity": "sha1-OBiPTWUKOkdCWEObluxFsyYXEzw="
    },
    "lodash.partial": {
      "version": "4.2.1",
      "resolved": "https://registry.npmjs.org/lodash.partial/-/lodash.partial-4.2.1.tgz",
      "integrity": "sha1-SfPYz9qjv/izqR0SfpIyRUGJYdQ="
    },
    "lodash.pick": {
      "version": "4.4.0",
      "resolved": "https://registry.npmjs.org/lodash.pick/-/lodash.pick-4.4.0.tgz",
      "integrity": "sha1-UvBWEP/53tQiYRRB7R/BI6AwAbM="
    },
    "lodash.sample": {
      "version": "4.2.1",
      "resolved": "https://registry.npmjs.org/lodash.sample/-/lodash.sample-4.2.1.tgz",
      "integrity": "sha1-XkKRsMdT+hq+sKq4+ynfG2bwf20="
    },
    "lodash.shuffle": {
      "version": "4.2.0",
      "resolved": "https://registry.npmjs.org/lodash.shuffle/-/lodash.shuffle-4.2.0.tgz",
      "integrity": "sha1-FFtQU8+HX29cKjP0i26ZSMbse0s="
    },
    "lodash.values": {
      "version": "4.3.0",
      "resolved": "https://registry.npmjs.org/lodash.values/-/lodash.values-4.3.0.tgz",
      "integrity": "sha1-o6bCsOvsxcLLocF+bmIP6BtT00c="
    },
    "memory-pager": {
      "version": "1.1.0",
      "resolved": "https://registry.npmjs.org/memory-pager/-/memory-pager-1.1.0.tgz",
      "integrity": "sha512-Mf9OHV/Y7h6YWDxTzX/b4ZZ4oh9NSXblQL8dtPCOomOtZciEHxePR78+uHFLLlsk01A6jVHhHsQZZ/WcIPpnzg==",
      "optional": true
    },
    "mongodb": {
      "version": "3.1.8",
      "resolved": "https://registry.npmjs.org/mongodb/-/mongodb-3.1.8.tgz",
      "integrity": "sha512-yNKwYxQ6m00NV6+pMoWoheFTHSQVv1KkSrfOhRDYMILGWDYtUtQRqHrFqU75rmPIY8hMozVft8zdC4KYMWaM3Q==",
      "requires": {
        "mongodb-core": "3.1.7",
        "safe-buffer": "^5.1.2"
      }
    },
    "mongodb-core": {
      "version": "3.1.7",
      "resolved": "https://registry.npmjs.org/mongodb-core/-/mongodb-core-3.1.7.tgz",
      "integrity": "sha512-YffpSrLmgFNmrvkGx+yX00KyBNk64C0BalfEn6vHHkXtcMUGXw8nxrMmhq5eXPLLlYeBpD/CsgNxE2Chf0o4zQ==",
      "requires": {
        "bson": "^1.1.0",
        "require_optional": "^1.0.1",
        "safe-buffer": "^5.1.2",
        "saslprep": "^1.0.0"
      }
    },
    "ms": {
      "version": "2.0.0",
      "resolved": "https://registry.npmjs.org/ms/-/ms-2.0.0.tgz",
      "integrity": "sha1-VgiurfwAvmwpAd9fmGF4jeDVl8g="
    },
    "redis-commands": {
      "version": "1.3.5",
      "resolved": "https://registry.npmjs.org/redis-commands/-/redis-commands-1.3.5.tgz",
      "integrity": "sha512-foGF8u6MXGFF++1TZVC6icGXuMYPftKXt1FBT2vrfU9ZATNtZJ8duRC5d1lEfE8hyVe3jhelHGB91oB7I6qLsA=="
    },
    "redis-parser": {
      "version": "2.6.0",
      "resolved": "https://registry.npmjs.org/redis-parser/-/redis-parser-2.6.0.tgz",
      "integrity": "sha1-Uu0J2srBCPGmMcB+m2mUHnoZUEs="
    },
    "require-dir": {
      "version": "1.1.0",
      "resolved": "https://registry.npmjs.org/require-dir/-/require-dir-1.1.0.tgz",
      "integrity": "sha512-XwZR1Gdv8rme0xLSRmxWNue/xQ5mgIfFGwbBJaF7TbFqQBgEBTr/M1/73a4dfn/keF5WDDiUr6RAF4nA1LskrQ=="
    },
    "require_optional": {
      "version": "1.0.1",
      "resolved": "https://registry.npmjs.org/require_optional/-/require_optional-1.0.1.tgz",
      "integrity": "sha512-qhM/y57enGWHAe3v/NcwML6a3/vfESLe/sGM2dII+gEO0BpKRUkWZow/tyloNqJyN6kXSl3RyyM8Ll5D/sJP8g==",
      "requires": {
        "resolve-from": "^2.0.0",
        "semver": "^5.1.0"
      }
    },
    "resolve-from": {
      "version": "2.0.0",
      "resolved": "https://registry.npmjs.org/resolve-from/-/resolve-from-2.0.0.tgz",
      "integrity": "sha1-lICrIOlP+h2egKgEx+oUdhGWa1c="
    },
    "run-parallel": {
      "version": "1.1.9",
      "resolved": "https://registry.npmjs.org/run-parallel/-/run-parallel-1.1.9.tgz",
      "integrity": "sha512-DEqnSRTDw/Tc3FXf49zedI638Z9onwUotBMiUFKmrO2sdFKIbXamXGQ3Axd4qgphxKB4kw/qP1w5kTxnfU1B9Q=="
    },
    "safe-buffer": {
      "version": "5.1.2",
      "resolved": "https://registry.npmjs.org/safe-buffer/-/safe-buffer-5.1.2.tgz",
      "integrity": "sha512-Gd2UZBJDkXlY7GbJxfsE8/nvKkUEU1G38c1siN6QP6a9PT9MmHB8GnpscSmMJSoF8LOIrt8ud/wPtojys4G6+g=="
    },
    "sandstorm": {
      "version": "0.3.10",
      "resolved": "https://registry.npmjs.org/sandstorm/-/sandstorm-0.3.10.tgz",
      "integrity": "sha512-eN525/YaVSS8/cWndFijE0t9ep3kHJuEFCiKlv23UjqEAgIFVNk3y/4wCOub8oIwV9z74l9iBwKlgi9q0eyRww==",
      "requires": {
        "amule": "^0.2.5",
        "amule-aim": "^0.5.3",
        "amule-more": "^0.2.1",
        "amule-rush": "^0.3.5",
        "bluebird": "^3.5.2",
        "exterror": "^1.1.0",
        "fast.js": "^0.1.1",
        "run-parallel": "^1.1.9"
      }
    },
    "saslprep": {
      "version": "1.0.2",
      "resolved": "https://registry.npmjs.org/saslprep/-/saslprep-1.0.2.tgz",
      "integrity": "sha512-4cDsYuAjXssUSjxHKRe4DTZC0agDwsCqcMqtJAQPzC74nJ7LfAJflAtC1Zed5hMzEQKj82d3tuzqdGNRsLJ4Gw==",
      "optional": true,
      "requires": {
        "sparse-bitfield": "^3.0.3"
      }
    },
    "semver": {
      "version": "5.6.0",
      "resolved": "https://registry.npmjs.org/semver/-/semver-5.6.0.tgz",
      "integrity": "sha512-RS9R6R35NYgQn++fkDWaOmqGoj4Ek9gGs+DPxNUZKuwE183xjJroKvyo1IzVFeXvUrvmALy6FWD5xrdJT25gMg=="
    },
    "sparse-bitfield": {
      "version": "3.0.3",
      "resolved": "https://registry.npmjs.org/sparse-bitfield/-/sparse-bitfield-3.0.3.tgz",
      "integrity": "sha1-/0rm5oZWBWuks+eSqzM004JzyhE=",
      "optional": true,
      "requires": {
        "memory-pager": "^1.0.2"
      }
    },
    "supports-color": {
      "version": "5.5.0",
      "resolved": "https://registry.npmjs.org/supports-color/-/supports-color-5.5.0.tgz",
      "integrity": "sha512-QjVjwdXIt408MIiAqCX4oUKsgU2EqAGzs2Ppkm4aQYbjm+ZEWEcW4SfFNTr4uMNZma0ey4f5lgLrkB0aX0QMow==",
      "requires": {
        "has-flag": "^3.0.0"
      }
    },
    "utls": {
      "version": "0.3.0",
      "resolved": "https://registry.npmjs.org/utls/-/utls-0.3.0.tgz",
      "integrity": "sha1-jEZqEkIm7Zjq9Gt8/f7b9Y+w6es="
    },
    "ws": {
      "version": "5.2.2",
      "resolved": "https://registry.npmjs.org/ws/-/ws-5.2.2.tgz",
      "integrity": "sha512-jaHFD6PFv6UgoIVda6qZllptQsMlDEJkTQcybzzXDYM1XO9Y8em691FGMPmM46WGyLU4z9KMgQN+qrux/nhlHA==",
      "requires": {
        "async-limiter": "~1.0.0"
      }
    },
    "yadll": {
      "version": "0.1.4",
      "resolved": "https://registry.npmjs.org/yadll/-/yadll-0.1.4.tgz",
      "integrity": "sha512-eOUkU/fyFm3S831RrGKZhNIeZxFoaWmsDVSjR5jOE4hK/tJ5xNGJwD1GXOiiQp35uCE1i4gJAeiTr0DomQ+01g=="
    }
  }
}
